
Microsoft Visual Studio Solution File, Format Version 12.00
# Visual Studio Version 16
VisualStudioVersion = 16.0.31321.278
MinimumVisualStudioVersion = 10.0.40219.1
Project("{FAE04EC0-301F-11D3-BF4B-00C04F79EFBC}") = "Order", "Order.csproj", "{9B398D38-E606-4F0F-872E-F424C0B71603}"
EndProject
Global
	GlobalSection(SolutionConfigurationPlatforms) = preSolution
		Debug|Any CPU = Debug|Any CPU
		Release|Any CPU = Release|Any CPU
	EndGlobalSection
	GlobalSection(ProjectConfigurationPlatforms) = postSolution
		{9B398D38-E606-4F0F-872E-F424C0B71603}.Debug|Any CPU.ActiveCfg = Debug|Any CPU
		{9B398D38-E606-4F0F-872E-F424C0B71603}.Debug|Any CPU.Build.0 = Debug|Any CPU
		{9B398D38-E606-4F0F-872E-F424C0B71603}.Release|Any CPU.ActiveCfg = Release|Any CPU
		{9B398D38-E606-4F0F-872E-F424C0B71603}.Release|Any CPU.Build.0 = Release|Any CPU
	EndGlobalSection
	GlobalSection(SolutionProperties) = preSolution
		HideSolutionNode = FALSE
	EndGlobalSection
	GlobalSection(ExtensibilityGlobals) = postSolution
		SolutionGuid = {B5EBA786-AF27-4AE8-AEEC-1F7BD08FAFC9}
	EndGlobalSection
EndGlobal
